// !$*UTF8*$!
{
	archiveVersion = 1;
	classes = {
	};
	objectVersion = 55;
	objects = {

/* Begin PBXBuildFile section */
		E94D0B7D2817DB0C00D97E7E /* DetailViewTag.swift in Sources */ = {isa = PBXBuildFile; fileRef = E94D0B7C2817DB0C00D97E7E /* DetailViewTag.swift */; };
		E94E97282815ACD200F9C310 /* Assets.xcassets in Resources */ = {isa = PBXBuildFile; fileRef = E94E97272815ACD200F9C310 /* Assets.xcassets */; };
		E94E972B2815ACD200F9C310 /* Preview Assets.xcassets in Resources */ = {isa = PBXBuildFile; fileRef = E94E972A2815ACD200F9C310 /* Preview Assets.xcassets */; };
		E94E97512815AD4500F9C310 /* HopForm.swift in Sources */ = {isa = PBXBuildFile; fileRef = E94E97342815AD4500F9C310 /* HopForm.swift */; };
		E94E97522815AD4500F9C310 /* Gravity.swift in Sources */ = {isa = PBXBuildFile; fileRef = E94E97352815AD4500F9C310 /* Gravity.swift */; };
		E94E97532815AD4500F9C310 /* NSFont+fromFont.swift in Sources */ = {isa = PBXBuildFile; fileRef = E94E97372815AD4500F9C310 /* NSFont+fromFont.swift */; };
		E94E97542815AD4500F9C310 /* String+width.swift in Sources */ = {isa = PBXBuildFile; fileRef = E94E97382815AD4500F9C310 /* String+width.swift */; };
		E94E97552815AD4500F9C310 /* LocalizedStringKey+string.swift in Sources */ = {isa = PBXBuildFile; fileRef = E94E97392815AD4500F9C310 /* LocalizedStringKey+string.swift */; };
		E94E97572815AD4500F9C310 /* String+Identifiable.swift in Sources */ = {isa = PBXBuildFile; fileRef = E94E973B2815AD4500F9C310 /* String+Identifiable.swift */; };
		E94E97582815AD4500F9C310 /* Repository+HopsInStock.swift in Sources */ = {isa = PBXBuildFile; fileRef = E94E973D2815AD4500F9C310 /* Repository+HopsInStock.swift */; };
		E94E97592815AD4500F9C310 /* Repository.swift in Sources */ = {isa = PBXBuildFile; fileRef = E94E973E2815AD4500F9C310 /* Repository.swift */; };
		E94E975A2815AD4500F9C310 /* BaseEntity.swift in Sources */ = {isa = PBXBuildFile; fileRef = E94E97402815AD4500F9C310 /* BaseEntity.swift */; };
		E94E975B2815AD4500F9C310 /* HopsInStock.swift in Sources */ = {isa = PBXBuildFile; fileRef = E94E97412815AD4500F9C310 /* HopsInStock.swift */; };
		E94E975C2815AD4500F9C310 /* BraumeisterApp.swift in Sources */ = {isa = PBXBuildFile; fileRef = E94E97432815AD4500F9C310 /* BraumeisterApp.swift */; };
		E94E975D2815AD4500F9C310 /* MenuView.swift in Sources */ = {isa = PBXBuildFile; fileRef = E94E97462815AD4500F9C310 /* MenuView.swift */; };
		E94E975E2815AD4500F9C310 /* HopsInStockItemView.swift in Sources */ = {isa = PBXBuildFile; fileRef = E94E97472815AD4500F9C310 /* HopsInStockItemView.swift */; };
		E94E975F2815AD4500F9C310 /* HopsInStockEditorView.swift in Sources */ = {isa = PBXBuildFile; fileRef = E94E97492815AD4500F9C310 /* HopsInStockEditorView.swift */; };
		E94E97602815AD4500F9C310 /* SplashView.swift in Sources */ = {isa = PBXBuildFile; fileRef = E94E974A2815AD4500F9C310 /* SplashView.swift */; };
		E94E97612815AD4500F9C310 /* ContentView.swift in Sources */ = {isa = PBXBuildFile; fileRef = E94E974B2815AD4500F9C310 /* ContentView.swift */; };
		E94E97622815AD4500F9C310 /* BrewhouseYieldCalculatorView.swift in Sources */ = {isa = PBXBuildFile; fileRef = E94E974D2815AD4500F9C310 /* BrewhouseYieldCalculatorView.swift */; };
		E94E97632815AD4500F9C310 /* AlcoholCalculatorView.swift in Sources */ = {isa = PBXBuildFile; fileRef = E94E974E2815AD4500F9C310 /* AlcoholCalculatorView.swift */; };
		E94E97642815AD4500F9C310 /* OriginalWortCalculatorView.swift in Sources */ = {isa = PBXBuildFile; fileRef = E94E974F2815AD4500F9C310 /* OriginalWortCalculatorView.swift */; };
		E94E97652815AD4500F9C310 /* DilutionCalculatorView.swift in Sources */ = {isa = PBXBuildFile; fileRef = E94E97502815AD4500F9C310 /* DilutionCalculatorView.swift */; };
		E94E97682815AD9100F9C310 /* Fluent in Frameworks */ = {isa = PBXBuildFile; productRef = E94E97672815AD9100F9C310 /* Fluent */; };
		E94E976B2815ADA600F9C310 /* FluentSQLiteDriver in Frameworks */ = {isa = PBXBuildFile; productRef = E94E976A2815ADA600F9C310 /* FluentSQLiteDriver */; };
		E94E976D2815DDA700F9C310 /* CGFloat+widths.swift in Sources */ = {isa = PBXBuildFile; fileRef = E94E976C2815DDA700F9C310 /* CGFloat+widths.swift */; };
		E94E976F281652E700F9C310 /* FermentablesInStock.swift in Sources */ = {isa = PBXBuildFile; fileRef = E94E976E281652E700F9C310 /* FermentablesInStock.swift */; };
		E94E9771281653B900F9C310 /* FermentableType.swift in Sources */ = {isa = PBXBuildFile; fileRef = E94E9770281653B900F9C310 /* FermentableType.swift */; };
		E94E97732817059000F9C310 /* Alert.swift in Sources */ = {isa = PBXBuildFile; fileRef = E94E97722817059000F9C310 /* Alert.swift */; };
		E94E97762817061900F9C310 /* ValueWrapper.swift in Sources */ = {isa = PBXBuildFile; fileRef = E94E97752817061900F9C310 /* ValueWrapper.swift */; };
		E94E9778281706DC00F9C310 /* AlertView.swift in Sources */ = {isa = PBXBuildFile; fileRef = E94E9777281706DC00F9C310 /* AlertView.swift */; };
		E94E977B2817078300F9C310 /* PureSwiftUI in Frameworks */ = {isa = PBXBuildFile; productRef = E94E977A2817078300F9C310 /* PureSwiftUI */; };
		E9513DAD281852F500C7DD7D /* FermentablesInStockEditorView.swift in Sources */ = {isa = PBXBuildFile; fileRef = E9513DAC281852F500C7DD7D /* FermentablesInStockEditorView.swift */; };
		E9513DAF281854A900C7DD7D /* Repository+FermentablesInStock.swift in Sources */ = {isa = PBXBuildFile; fileRef = E9513DAE281854A900C7DD7D /* Repository+FermentablesInStock.swift */; };
		E9513DB12818557800C7DD7D /* FermentablesInStockItemView.swift in Sources */ = {isa = PBXBuildFile; fileRef = E9513DB02818557800C7DD7D /* FermentablesInStockItemView.swift */; };
		E96095552819018400D6A6CD /* YeastForm.swift in Sources */ = {isa = PBXBuildFile; fileRef = E96095542819018400D6A6CD /* YeastForm.swift */; };
		E9609557281902CC00D6A6CD /* Flocculation.swift in Sources */ = {isa = PBXBuildFile; fileRef = E9609556281902CC00D6A6CD /* Flocculation.swift */; };
		E960955928194D7D00D6A6CD /* YeastInStockItemView.swift in Sources */ = {isa = PBXBuildFile; fileRef = E960955828194D7D00D6A6CD /* YeastInStockItemView.swift */; };
		E960955B28194E5600D6A6CD /* Repository+YeastInStock.swift in Sources */ = {isa = PBXBuildFile; fileRef = E960955A28194E5600D6A6CD /* Repository+YeastInStock.swift */; };
		E960955D28194EF900D6A6CD /* YeastInStockEditorView.swift in Sources */ = {isa = PBXBuildFile; fileRef = E960955C28194EF900D6A6CD /* YeastInStockEditorView.swift */; };
		E9B06A80281882620055F483 /* YeastInStock.swift in Sources */ = {isa = PBXBuildFile; fileRef = E9B06A7F281882620055F483 /* YeastInStock.swift */; };
/* End PBXBuildFile section */

/* Begin PBXFileReference section */
		E94D0B7C2817DB0C00D97E7E /* DetailViewTag.swift */ = {isa = PBXFileReference; lastKnownFileType = sourcecode.swift; path = DetailViewTag.swift; sourceTree = "<group>"; };
		E94E97202815ACD100F9C310 /* Braumeister.app */ = {isa = PBXFileReference; explicitFileType = wrapper.application; includeInIndex = 0; path = Braumeister.app; sourceTree = BUILT_PRODUCTS_DIR; };
		E94E97272815ACD200F9C310 /* Assets.xcassets */ = {isa = PBXFileReference; lastKnownFileType = folder.assetcatalog; path = Assets.xcassets; sourceTree = "<group>"; };
		E94E972A2815ACD200F9C310 /* Preview Assets.xcassets */ = {isa = PBXFileReference; lastKnownFileType = folder.assetcatalog; path = "Preview Assets.xcassets"; sourceTree = "<group>"; };
		E94E972C2815ACD200F9C310 /* Braumeister.entitlements */ = {isa = PBXFileReference; lastKnownFileType = text.plist.entitlements; path = Braumeister.entitlements; sourceTree = "<group>"; };
		E94E97342815AD4500F9C310 /* HopForm.swift */ = {isa = PBXFileReference; fileEncoding = 4; lastKnownFileType = sourcecode.swift; path = HopForm.swift; sourceTree = "<group>"; };
		E94E97352815AD4500F9C310 /* Gravity.swift */ = {isa = PBXFileReference; fileEncoding = 4; lastKnownFileType = sourcecode.swift; path = Gravity.swift; sourceTree = "<group>"; };
		E94E97372815AD4500F9C310 /* NSFont+fromFont.swift */ = {isa = PBXFileReference; fileEncoding = 4; lastKnownFileType = sourcecode.swift; path = "NSFont+fromFont.swift"; sourceTree = "<group>"; };
		E94E97382815AD4500F9C310 /* String+width.swift */ = {isa = PBXFileReference; fileEncoding = 4; lastKnownFileType = sourcecode.swift; path = "String+width.swift"; sourceTree = "<group>"; };
		E94E97392815AD4500F9C310 /* LocalizedStringKey+string.swift */ = {isa = PBXFileReference; fileEncoding = 4; lastKnownFileType = sourcecode.swift; path = "LocalizedStringKey+string.swift"; sourceTree = "<group>"; };
		E94E973B2815AD4500F9C310 /* String+Identifiable.swift */ = {isa = PBXFileReference; fileEncoding = 4; lastKnownFileType = sourcecode.swift; path = "String+Identifiable.swift"; sourceTree = "<group>"; };
		E94E973D2815AD4500F9C310 /* Repository+HopsInStock.swift */ = {isa = PBXFileReference; fileEncoding = 4; lastKnownFileType = sourcecode.swift; path = "Repository+HopsInStock.swift"; sourceTree = "<group>"; };
		E94E973E2815AD4500F9C310 /* Repository.swift */ = {isa = PBXFileReference; fileEncoding = 4; lastKnownFileType = sourcecode.swift; path = Repository.swift; sourceTree = "<group>"; };
		E94E97402815AD4500F9C310 /* BaseEntity.swift */ = {isa = PBXFileReference; fileEncoding = 4; lastKnownFileType = sourcecode.swift; path = BaseEntity.swift; sourceTree = "<group>"; };
		E94E97412815AD4500F9C310 /* HopsInStock.swift */ = {isa = PBXFileReference; fileEncoding = 4; lastKnownFileType = sourcecode.swift; path = HopsInStock.swift; sourceTree = "<group>"; };
		E94E97432815AD4500F9C310 /* BraumeisterApp.swift */ = {isa = PBXFileReference; fileEncoding = 4; lastKnownFileType = sourcecode.swift; path = BraumeisterApp.swift; sourceTree = "<group>"; };
		E94E97462815AD4500F9C310 /* MenuView.swift */ = {isa = PBXFileReference; fileEncoding = 4; lastKnownFileType = sourcecode.swift; path = MenuView.swift; sourceTree = "<group>"; };
		E94E97472815AD4500F9C310 /* HopsInStockItemView.swift */ = {isa = PBXFileReference; fileEncoding = 4; lastKnownFileType = sourcecode.swift; path = HopsInStockItemView.swift; sourceTree = "<group>"; };
		E94E97492815AD4500F9C310 /* HopsInStockEditorView.swift */ = {isa = PBXFileReference; fileEncoding = 4; lastKnownFileType = sourcecode.swift; path = HopsInStockEditorView.swift; sourceTree = "<group>"; };
		E94E974A2815AD4500F9C310 /* SplashView.swift */ = {isa = PBXFileReference; fileEncoding = 4; lastKnownFileType = sourcecode.swift; path = SplashView.swift; sourceTree = "<group>"; };
		E94E974B2815AD4500F9C310 /* ContentView.swift */ = {isa = PBXFileReference; fileEncoding = 4; lastKnownFileType = sourcecode.swift; path = ContentView.swift; sourceTree = "<group>"; };
		E94E974D2815AD4500F9C310 /* BrewhouseYieldCalculatorView.swift */ = {isa = PBXFileReference; fileEncoding = 4; lastKnownFileType = sourcecode.swift; path = BrewhouseYieldCalculatorView.swift; sourceTree = "<group>"; };
		E94E974E2815AD4500F9C310 /* AlcoholCalculatorView.swift */ = {isa = PBXFileReference; fileEncoding = 4; lastKnownFileType = sourcecode.swift; path = AlcoholCalculatorView.swift; sourceTree = "<group>"; };
		E94E974F2815AD4500F9C310 /* OriginalWortCalculatorView.swift */ = {isa = PBXFileReference; fileEncoding = 4; lastKnownFileType = sourcecode.swift; path = OriginalWortCalculatorView.swift; sourceTree = "<group>"; };
		E94E97502815AD4500F9C310 /* DilutionCalculatorView.swift */ = {isa = PBXFileReference; fileEncoding = 4; lastKnownFileType = sourcecode.swift; path = DilutionCalculatorView.swift; sourceTree = "<group>"; };
		E94E976C2815DDA700F9C310 /* CGFloat+widths.swift */ = {isa = PBXFileReference; lastKnownFileType = sourcecode.swift; path = "CGFloat+widths.swift"; sourceTree = "<group>"; };
		E94E976E281652E700F9C310 /* FermentablesInStock.swift */ = {isa = PBXFileReference; lastKnownFileType = sourcecode.swift; path = FermentablesInStock.swift; sourceTree = "<group>"; };
		E94E9770281653B900F9C310 /* FermentableType.swift */ = {isa = PBXFileReference; lastKnownFileType = sourcecode.swift; path = FermentableType.swift; sourceTree = "<group>"; };
		E94E97722817059000F9C310 /* Alert.swift */ = {isa = PBXFileReference; lastKnownFileType = sourcecode.swift; path = Alert.swift; sourceTree = "<group>"; };
		E94E97752817061900F9C310 /* ValueWrapper.swift */ = {isa = PBXFileReference; lastKnownFileType = sourcecode.swift; path = ValueWrapper.swift; sourceTree = "<group>"; };
		E94E9777281706DC00F9C310 /* AlertView.swift */ = {isa = PBXFileReference; lastKnownFileType = sourcecode.swift; path = AlertView.swift; sourceTree = "<group>"; };
		E9513DAC281852F500C7DD7D /* FermentablesInStockEditorView.swift */ = {isa = PBXFileReference; lastKnownFileType = sourcecode.swift; path = FermentablesInStockEditorView.swift; sourceTree = "<group>"; };
		E9513DAE281854A900C7DD7D /* Repository+FermentablesInStock.swift */ = {isa = PBXFileReference; lastKnownFileType = sourcecode.swift; path = "Repository+FermentablesInStock.swift"; sourceTree = "<group>"; };
		E9513DB02818557800C7DD7D /* FermentablesInStockItemView.swift */ = {isa = PBXFileReference; lastKnownFileType = sourcecode.swift; path = FermentablesInStockItemView.swift; sourceTree = "<group>"; };
		E96095542819018400D6A6CD /* YeastForm.swift */ = {isa = PBXFileReference; lastKnownFileType = sourcecode.swift; path = YeastForm.swift; sourceTree = "<group>"; };
		E9609556281902CC00D6A6CD /* Flocculation.swift */ = {isa = PBXFileReference; lastKnownFileType = sourcecode.swift; path = Flocculation.swift; sourceTree = "<group>"; };
		E960955828194D7D00D6A6CD /* YeastInStockItemView.swift */ = {isa = PBXFileReference; lastKnownFileType = sourcecode.swift; path = YeastInStockItemView.swift; sourceTree = "<group>"; };
		E960955A28194E5600D6A6CD /* Repository+YeastInStock.swift */ = {isa = PBXFileReference; lastKnownFileType = sourcecode.swift; path = "Repository+YeastInStock.swift"; sourceTree = "<group>"; };
		E960955C28194EF900D6A6CD /* YeastInStockEditorView.swift */ = {isa = PBXFileReference; lastKnownFileType = sourcecode.swift; path = YeastInStockEditorView.swift; sourceTree = "<group>"; };
		E9B06A7F281882620055F483 /* YeastInStock.swift */ = {isa = PBXFileReference; lastKnownFileType = sourcecode.swift; path = YeastInStock.swift; sourceTree = "<group>"; };
/* End PBXFileReference section */

/* Begin PBXFrameworksBuildPhase section */
		E94E971D2815ACD100F9C310 /* Frameworks */ = {
			isa = PBXFrameworksBuildPhase;
			buildActionMask = 2147483647;
			files = (
				E94E976B2815ADA600F9C310 /* FluentSQLiteDriver in Frameworks */,
				E94E977B2817078300F9C310 /* PureSwiftUI in Frameworks */,
				E94E97682815AD9100F9C310 /* Fluent in Frameworks */,
			);
			runOnlyForDeploymentPostprocessing = 0;
		};
/* End PBXFrameworksBuildPhase section */

/* Begin PBXGroup section */
		E94E97172815ACD100F9C310 = {
			isa = PBXGroup;
			children = (
				E94E97222815ACD100F9C310 /* Braumeister */,
				E94E97212815ACD100F9C310 /* Products */,
			);
			sourceTree = "<group>";
		};
		E94E97212815ACD100F9C310 /* Products */ = {
			isa = PBXGroup;
			children = (
				E94E97202815ACD100F9C310 /* Braumeister.app */,
			);
			name = Products;
			sourceTree = "<group>";
		};
		E94E97222815ACD100F9C310 /* Braumeister */ = {
			isa = PBXGroup;
			children = (
				E94E97322815AD4500F9C310 /* Sources */,
				E94E97272815ACD200F9C310 /* Assets.xcassets */,
				E94E972C2815ACD200F9C310 /* Braumeister.entitlements */,
				E94E97292815ACD200F9C310 /* Preview Content */,
			);
			path = Braumeister;
			sourceTree = "<group>";
		};
		E94E97292815ACD200F9C310 /* Preview Content */ = {
			isa = PBXGroup;
			children = (
				E94E972A2815ACD200F9C310 /* Preview Assets.xcassets */,
			);
			path = "Preview Content";
			sourceTree = "<group>";
		};
		E94E97322815AD4500F9C310 /* Sources */ = {
			isa = PBXGroup;
			children = (
				E94E97422815AD4500F9C310 /* Application */,
				E94E97362815AD4500F9C310 /* Extensions */,
				E94E973C2815AD4500F9C310 /* Persistence */,
				E94E97332815AD4500F9C310 /* Types */,
				E94E9774281705F700F9C310 /* Utils */,
				E94E97442815AD4500F9C310 /* Views */,
			);
			path = Sources;
			sourceTree = "<group>";
		};
		E94E97332815AD4500F9C310 /* Types */ = {
			isa = PBXGroup;
			children = (
				E94E9770281653B900F9C310 /* FermentableType.swift */,
				E94E97352815AD4500F9C310 /* Gravity.swift */,
				E94E97342815AD4500F9C310 /* HopForm.swift */,
				E94D0B7C2817DB0C00D97E7E /* DetailViewTag.swift */,
				E96095542819018400D6A6CD /* YeastForm.swift */,
				E9609556281902CC00D6A6CD /* Flocculation.swift */,
			);
			path = Types;
			sourceTree = "<group>";
		};
		E94E97362815AD4500F9C310 /* Extensions */ = {
			isa = PBXGroup;
			children = (
				E94E976C2815DDA700F9C310 /* CGFloat+widths.swift */,
				E94E97392815AD4500F9C310 /* LocalizedStringKey+string.swift */,
				E94E97372815AD4500F9C310 /* NSFont+fromFont.swift */,
				E94E973B2815AD4500F9C310 /* String+Identifiable.swift */,
				E94E97382815AD4500F9C310 /* String+width.swift */,
			);
			path = Extensions;
			sourceTree = "<group>";
		};
		E94E973C2815AD4500F9C310 /* Persistence */ = {
			isa = PBXGroup;
			children = (
				E94E973E2815AD4500F9C310 /* Repository.swift */,
				E9513DAE281854A900C7DD7D /* Repository+FermentablesInStock.swift */,
				E94E973D2815AD4500F9C310 /* Repository+HopsInStock.swift */,
				E960955A28194E5600D6A6CD /* Repository+YeastInStock.swift */,
				E94E973F2815AD4500F9C310 /* Model */,
			);
			path = Persistence;
			sourceTree = "<group>";
		};
		E94E973F2815AD4500F9C310 /* Model */ = {
			isa = PBXGroup;
			children = (
				E94E97402815AD4500F9C310 /* BaseEntity.swift */,
				E94E976E281652E700F9C310 /* FermentablesInStock.swift */,
				E94E97412815AD4500F9C310 /* HopsInStock.swift */,
				E9B06A7F281882620055F483 /* YeastInStock.swift */,
			);
			path = Model;
			sourceTree = "<group>";
		};
		E94E97422815AD4500F9C310 /* Application */ = {
			isa = PBXGroup;
			children = (
				E94E97432815AD4500F9C310 /* BraumeisterApp.swift */,
				E94E97722817059000F9C310 /* Alert.swift */,
			);
			path = Application;
			sourceTree = "<group>";
		};
		E94E97442815AD4500F9C310 /* Views */ = {
			isa = PBXGroup;
			children = (
				E94E974C2815AD4500F9C310 /* CalculationViews */,
				E94E97452815AD4500F9C310 /* MenuView */,
				E94E97482815AD4500F9C310 /* StockEditorViews */,
				E94E974B2815AD4500F9C310 /* ContentView.swift */,
				E94E974A2815AD4500F9C310 /* SplashView.swift */,
				E94E9777281706DC00F9C310 /* AlertView.swift */,
			);
			path = Views;
			sourceTree = "<group>";
		};
		E94E97452815AD4500F9C310 /* MenuView */ = {
			isa = PBXGroup;
			children = (
				E94E97462815AD4500F9C310 /* MenuView.swift */,
				E9513DB02818557800C7DD7D /* FermentablesInStockItemView.swift */,
				E94E97472815AD4500F9C310 /* HopsInStockItemView.swift */,
				E960955828194D7D00D6A6CD /* YeastInStockItemView.swift */,
			);
			path = MenuView;
			sourceTree = "<group>";
		};
		E94E97482815AD4500F9C310 /* StockEditorViews */ = {
			isa = PBXGroup;
			children = (
				E9513DAC281852F500C7DD7D /* FermentablesInStockEditorView.swift */,
				E94E97492815AD4500F9C310 /* HopsInStockEditorView.swift */,
				E960955C28194EF900D6A6CD /* YeastInStockEditorView.swift */,
			);
			path = StockEditorViews;
			sourceTree = "<group>";
		};
		E94E974C2815AD4500F9C310 /* CalculationViews */ = {
			isa = PBXGroup;
			children = (
				E94E974E2815AD4500F9C310 /* AlcoholCalculatorView.swift */,
				E94E974D2815AD4500F9C310 /* BrewhouseYieldCalculatorView.swift */,
				E94E97502815AD4500F9C310 /* DilutionCalculatorView.swift */,
				E94E974F2815AD4500F9C310 /* OriginalWortCalculatorView.swift */,
			);
			path = CalculationViews;
			sourceTree = "<group>";
		};
		E94E9774281705F700F9C310 /* Utils */ = {
			isa = PBXGroup;
			children = (
				E94E97752817061900F9C310 /* ValueWrapper.swift */,
			);
			path = Utils;
			sourceTree = "<group>";
		};
/* End PBXGroup section */

/* Begin PBXNativeTarget section */
		E94E971F2815ACD100F9C310 /* Braumeister */ = {
			isa = PBXNativeTarget;
			buildConfigurationList = E94E972F2815ACD200F9C310 /* Build configuration list for PBXNativeTarget "Braumeister" */;
			buildPhases = (
				E94E971C2815ACD100F9C310 /* Sources */,
				E94E971D2815ACD100F9C310 /* Frameworks */,
				E94E971E2815ACD100F9C310 /* Resources */,
			);
			buildRules = (
			);
			dependencies = (
			);
			name = Braumeister;
			packageProductDependencies = (
				E94E97672815AD9100F9C310 /* Fluent */,
				E94E976A2815ADA600F9C310 /* FluentSQLiteDriver */,
				E94E977A2817078300F9C310 /* PureSwiftUI */,
			);
			productName = Braumeister;
			productReference = E94E97202815ACD100F9C310 /* Braumeister.app */;
			productType = "com.apple.product-type.application";
		};
/* End PBXNativeTarget section */

/* Begin PBXProject section */
		E94E97182815ACD100F9C310 /* Project object */ = {
			isa = PBXProject;
			attributes = {
				BuildIndependentTargetsInParallel = 1;
				LastSwiftUpdateCheck = 1330;
				LastUpgradeCheck = 1330;
				TargetAttributes = {
					E94E971F2815ACD100F9C310 = {
						CreatedOnToolsVersion = 13.3.1;
					};
				};
			};
			buildConfigurationList = E94E971B2815ACD100F9C310 /* Build configuration list for PBXProject "Braumeister" */;
			compatibilityVersion = "Xcode 13.0";
			developmentRegion = en;
			hasScannedForEncodings = 0;
			knownRegions = (
				en,
				Base,
			);
			mainGroup = E94E97172815ACD100F9C310;
			packageReferences = (
				E94E97662815AD9100F9C310 /* XCRemoteSwiftPackageReference "fluent" */,
				E94E97692815ADA600F9C310 /* XCRemoteSwiftPackageReference "fluent-sqlite-driver" */,
				E94E97792817078300F9C310 /* XCRemoteSwiftPackageReference "pure-swift-ui" */,
			);
			productRefGroup = E94E97212815ACD100F9C310 /* Products */;
			projectDirPath = "";
			projectRoot = "";
			targets = (
				E94E971F2815ACD100F9C310 /* Braumeister */,
			);
		};
/* End PBXProject section */

/* Begin PBXResourcesBuildPhase section */
		E94E971E2815ACD100F9C310 /* Resources */ = {
			isa = PBXResourcesBuildPhase;
			buildActionMask = 2147483647;
			files = (
				E94E972B2815ACD200F9C310 /* Preview Assets.xcassets in Resources */,
				E94E97282815ACD200F9C310 /* Assets.xcassets in Resources */,
			);
			runOnlyForDeploymentPostprocessing = 0;
		};
/* End PBXResourcesBuildPhase section */

/* Begin PBXSourcesBuildPhase section */
		E94E971C2815ACD100F9C310 /* Sources */ = {
			isa = PBXSourcesBuildPhase;
			buildActionMask = 2147483647;
			files = (
				E9513DAF281854A900C7DD7D /* Repository+FermentablesInStock.swift in Sources */,
				E94E97522815AD4500F9C310 /* Gravity.swift in Sources */,
				E94E9771281653B900F9C310 /* FermentableType.swift in Sources */,
				E94E97602815AD4500F9C310 /* SplashView.swift in Sources */,
				E96095552819018400D6A6CD /* YeastForm.swift in Sources */,
				E94E975A2815AD4500F9C310 /* BaseEntity.swift in Sources */,
				E9513DB12818557800C7DD7D /* FermentablesInStockItemView.swift in Sources */,
				E94E975F2815AD4500F9C310 /* HopsInStockEditorView.swift in Sources */,
				E94E97572815AD4500F9C310 /* String+Identifiable.swift in Sources */,
				E94E97732817059000F9C310 /* Alert.swift in Sources */,
				E9609557281902CC00D6A6CD /* Flocculation.swift in Sources */,
				E94E975C2815AD4500F9C310 /* BraumeisterApp.swift in Sources */,
				E94E97532815AD4500F9C310 /* NSFont+fromFont.swift in Sources */,
				E94E976F281652E700F9C310 /* FermentablesInStock.swift in Sources */,
				E94E97612815AD4500F9C310 /* ContentView.swift in Sources */,
				E9513DAD281852F500C7DD7D /* FermentablesInStockEditorView.swift in Sources */,
				E94E97552815AD4500F9C310 /* LocalizedStringKey+string.swift in Sources */,
				E94E976D2815DDA700F9C310 /* CGFloat+widths.swift in Sources */,
				E960955D28194EF900D6A6CD /* YeastInStockEditorView.swift in Sources */,
				E94E97622815AD4500F9C310 /* BrewhouseYieldCalculatorView.swift in Sources */,
				E94D0B7D2817DB0C00D97E7E /* DetailViewTag.swift in Sources */,
				E94E975D2815AD4500F9C310 /* MenuView.swift in Sources */,
				E94E97512815AD4500F9C310 /* HopForm.swift in Sources */,
				E94E97762817061900F9C310 /* ValueWrapper.swift in Sources */,
				E94E975E2815AD4500F9C310 /* HopsInStockItemView.swift in Sources */,
				E960955928194D7D00D6A6CD /* YeastInStockItemView.swift in Sources */,
				E94E97642815AD4500F9C310 /* OriginalWortCalculatorView.swift in Sources */,
				E94E97542815AD4500F9C310 /* String+width.swift in Sources */,
				E94E97632815AD4500F9C310 /* AlcoholCalculatorView.swift in Sources */,
				E94E9778281706DC00F9C310 /* AlertView.swift in Sources */,
				E9B06A80281882620055F483 /* YeastInStock.swift in Sources */,
				E94E97652815AD4500F9C310 /* DilutionCalculatorView.swift in Sources */,
				E960955B28194E5600D6A6CD /* Repository+YeastInStock.swift in Sources */,
				E94E97582815AD4500F9C310 /* Repository+HopsInStock.swift in Sources */,
				E94E975B2815AD4500F9C310 /* HopsInStock.swift in Sources */,
				E94E97592815AD4500F9C310 /* Repository.swift in Sources */,
			);
			runOnlyForDeploymentPostprocessing = 0;
		};
/* End PBXSourcesBuildPhase section */

/* Begin XCBuildConfiguration section */
		E94E972D2815ACD200F9C310 /* Debug */ = {
			isa = XCBuildConfiguration;
			buildSettings = {
				ALWAYS_SEARCH_USER_PATHS = NO;
				CLANG_ANALYZER_NONNULL = YES;
				CLANG_ANALYZER_NUMBER_OBJECT_CONVERSION = YES_AGGRESSIVE;
				CLANG_CXX_LANGUAGE_STANDARD = "gnu++17";
				CLANG_ENABLE_MODULES = YES;
				CLANG_ENABLE_OBJC_ARC = YES;
				CLANG_ENABLE_OBJC_WEAK = YES;
				CLANG_WARN_BLOCK_CAPTURE_AUTORELEASING = YES;
				CLANG_WARN_BOOL_CONVERSION = YES;
				CLANG_WARN_COMMA = YES;
				CLANG_WARN_CONSTANT_CONVERSION = YES;
				CLANG_WARN_DEPRECATED_OBJC_IMPLEMENTATIONS = YES;
				CLANG_WARN_DIRECT_OBJC_ISA_USAGE = YES_ERROR;
				CLANG_WARN_DOCUMENTATION_COMMENTS = YES;
				CLANG_WARN_EMPTY_BODY = YES;
				CLANG_WARN_ENUM_CONVERSION = YES;
				CLANG_WARN_INFINITE_RECURSION = YES;
				CLANG_WARN_INT_CONVERSION = YES;
				CLANG_WARN_NON_LITERAL_NULL_CONVERSION = YES;
				CLANG_WARN_OBJC_IMPLICIT_RETAIN_SELF = YES;
				CLANG_WARN_OBJC_LITERAL_CONVERSION = YES;
				CLANG_WARN_OBJC_ROOT_CLASS = YES_ERROR;
				CLANG_WARN_QUOTED_INCLUDE_IN_FRAMEWORK_HEADER = YES;
				CLANG_WARN_RANGE_LOOP_ANALYSIS = YES;
				CLANG_WARN_STRICT_PROTOTYPES = YES;
				CLANG_WARN_SUSPICIOUS_MOVE = YES;
				CLANG_WARN_UNGUARDED_AVAILABILITY = YES_AGGRESSIVE;
				CLANG_WARN_UNREACHABLE_CODE = YES;
				CLANG_WARN__DUPLICATE_METHOD_MATCH = YES;
				COPY_PHASE_STRIP = NO;
				DEBUG_INFORMATION_FORMAT = dwarf;
				ENABLE_STRICT_OBJC_MSGSEND = YES;
				ENABLE_TESTABILITY = YES;
				GCC_C_LANGUAGE_STANDARD = gnu11;
				GCC_DYNAMIC_NO_PIC = NO;
				GCC_NO_COMMON_BLOCKS = YES;
				GCC_OPTIMIZATION_LEVEL = 0;
				GCC_PREPROCESSOR_DEFINITIONS = (
					"DEBUG=1",
					"$(inherited)",
				);
				GCC_WARN_64_TO_32_BIT_CONVERSION = YES;
				GCC_WARN_ABOUT_RETURN_TYPE = YES_ERROR;
				GCC_WARN_UNDECLARED_SELECTOR = YES;
				GCC_WARN_UNINITIALIZED_AUTOS = YES_AGGRESSIVE;
				GCC_WARN_UNUSED_FUNCTION = YES;
				GCC_WARN_UNUSED_VARIABLE = YES;
				MACOSX_DEPLOYMENT_TARGET = 12.3;
				MTL_ENABLE_DEBUG_INFO = INCLUDE_SOURCE;
				MTL_FAST_MATH = YES;
				ONLY_ACTIVE_ARCH = YES;
				SDKROOT = macosx;
				SWIFT_ACTIVE_COMPILATION_CONDITIONS = DEBUG;
				SWIFT_OPTIMIZATION_LEVEL = "-Onone";
			};
			name = Debug;
		};
		E94E972E2815ACD200F9C310 /* Release */ = {
			isa = XCBuildConfiguration;
			buildSettings = {
				ALWAYS_SEARCH_USER_PATHS = NO;
				CLANG_ANALYZER_NONNULL = YES;
				CLANG_ANALYZER_NUMBER_OBJECT_CONVERSION = YES_AGGRESSIVE;
				CLANG_CXX_LANGUAGE_STANDARD = "gnu++17";
				CLANG_ENABLE_MODULES = YES;
				CLANG_ENABLE_OBJC_ARC = YES;
				CLANG_ENABLE_OBJC_WEAK = YES;
				CLANG_WARN_BLOCK_CAPTURE_AUTORELEASING = YES;
				CLANG_WARN_BOOL_CONVERSION = YES;
				CLANG_WARN_COMMA = YES;
				CLANG_WARN_CONSTANT_CONVERSION = YES;
				CLANG_WARN_DEPRECATED_OBJC_IMPLEMENTATIONS = YES;
				CLANG_WARN_DIRECT_OBJC_ISA_USAGE = YES_ERROR;
				CLANG_WARN_DOCUMENTATION_COMMENTS = YES;
				CLANG_WARN_EMPTY_BODY = YES;
				CLANG_WARN_ENUM_CONVERSION = YES;
				CLANG_WARN_INFINITE_RECURSION = YES;
				CLANG_WARN_INT_CONVERSION = YES;
				CLANG_WARN_NON_LITERAL_NULL_CONVERSION = YES;
				CLANG_WARN_OBJC_IMPLICIT_RETAIN_SELF = YES;
				CLANG_WARN_OBJC_LITERAL_CONVERSION = YES;
				CLANG_WARN_OBJC_ROOT_CLASS = YES_ERROR;
				CLANG_WARN_QUOTED_INCLUDE_IN_FRAMEWORK_HEADER = YES;
				CLANG_WARN_RANGE_LOOP_ANALYSIS = YES;
				CLANG_WARN_STRICT_PROTOTYPES = YES;
				CLANG_WARN_SUSPICIOUS_MOVE = YES;
				CLANG_WARN_UNGUARDED_AVAILABILITY = YES_AGGRESSIVE;
				CLANG_WARN_UNREACHABLE_CODE = YES;
				CLANG_WARN__DUPLICATE_METHOD_MATCH = YES;
				COPY_PHASE_STRIP = NO;
				DEBUG_INFORMATION_FORMAT = "dwarf-with-dsym";
				ENABLE_NS_ASSERTIONS = NO;
				ENABLE_STRICT_OBJC_MSGSEND = YES;
				GCC_C_LANGUAGE_STANDARD = gnu11;
				GCC_NO_COMMON_BLOCKS = YES;
				GCC_WARN_64_TO_32_BIT_CONVERSION = YES;
				GCC_WARN_ABOUT_RETURN_TYPE = YES_ERROR;
				GCC_WARN_UNDECLARED_SELECTOR = YES;
				GCC_WARN_UNINITIALIZED_AUTOS = YES_AGGRESSIVE;
				GCC_WARN_UNUSED_FUNCTION = YES;
				GCC_WARN_UNUSED_VARIABLE = YES;
				MACOSX_DEPLOYMENT_TARGET = 12.3;
				MTL_ENABLE_DEBUG_INFO = NO;
				MTL_FAST_MATH = YES;
				SDKROOT = macosx;
				SWIFT_COMPILATION_MODE = wholemodule;
				SWIFT_OPTIMIZATION_LEVEL = "-O";
			};
			name = Release;
		};
		E94E97302815ACD200F9C310 /* Debug */ = {
			isa = XCBuildConfiguration;
			buildSettings = {
				ASSETCATALOG_COMPILER_APPICON_NAME = AppIcon;
				ASSETCATALOG_COMPILER_GLOBAL_ACCENT_COLOR_NAME = AccentColor;
				CODE_SIGN_ENTITLEMENTS = Braumeister/Braumeister.entitlements;
				CODE_SIGN_STYLE = Automatic;
				COMBINE_HIDPI_IMAGES = YES;
				CURRENT_PROJECT_VERSION = 245;
				DEVELOPMENT_ASSET_PATHS = "\"Braumeister/Preview Content\"";
				DEVELOPMENT_TEAM = GQE994U6EG;
				ENABLE_HARDENED_RUNTIME = YES;
				ENABLE_PREVIEWS = YES;
				GENERATE_INFOPLIST_FILE = YES;
				INFOPLIST_KEY_LSApplicationCategoryType = "public.app-category.food-and-drink";
				INFOPLIST_KEY_NSHumanReadableCopyright = "";
				LD_RUNPATH_SEARCH_PATHS = (
					"$(inherited)",
					"@executable_path/../Frameworks",
				);
				MACOSX_DEPLOYMENT_TARGET = 12.3;
				MARKETING_VERSION = 1;
				PRODUCT_BUNDLE_IDENTIFIER = com.github.BeerRecipeFormats.macOS.Braumeister;
				PRODUCT_NAME = "$(TARGET_NAME)";
				SWIFT_EMIT_LOC_STRINGS = YES;
				SWIFT_VERSION = 5.0;
			};
			name = Debug;
		};
		E94E97312815ACD200F9C310 /* Release */ = {
			isa = XCBuildConfiguration;
			buildSettings = {
				ASSETCATALOG_COMPILER_APPICON_NAME = AppIcon;
				ASSETCATALOG_COMPILER_GLOBAL_ACCENT_COLOR_NAME = AccentColor;
				CODE_SIGN_ENTITLEMENTS = Braumeister/Braumeister.entitlements;
				CODE_SIGN_STYLE = Automatic;
				COMBINE_HIDPI_IMAGES = YES;
				CURRENT_PROJECT_VERSION = 245;
				DEVELOPMENT_ASSET_PATHS = "\"Braumeister/Preview Content\"";
				DEVELOPMENT_TEAM = GQE994U6EG;
				ENABLE_HARDENED_RUNTIME = YES;
				ENABLE_PREVIEWS = YES;
				GENERATE_INFOPLIST_FILE = YES;
				INFOPLIST_KEY_LSApplicationCategoryType = "public.app-category.food-and-drink";
				INFOPLIST_KEY_NSHumanReadableCopyright = "";
				LD_RUNPATH_SEARCH_PATHS = (
					"$(inherited)",
					"@executable_path/../Frameworks",
				);
				MACOSX_DEPLOYMENT_TARGET = 12.3;
				MARKETING_VERSION = 1;
				PRODUCT_BUNDLE_IDENTIFIER = com.github.BeerRecipeFormats.macOS.Braumeister;
				PRODUCT_NAME = "$(TARGET_NAME)";
				SWIFT_EMIT_LOC_STRINGS = YES;
				SWIFT_VERSION = 5.0;
			};
			name = Release;
		};
/* End XCBuildConfiguration section */

/* Begin XCConfigurationList section */
		E94E971B2815ACD100F9C310 /* Build configuration list for PBXProject "Braumeister" */ = {
			isa = XCConfigurationList;
			buildConfigurations = (
				E94E972D2815ACD200F9C310 /* Debug */,
				E94E972E2815ACD200F9C310 /* Release */,
			);
			defaultConfigurationIsVisible = 0;
			defaultConfigurationName = Release;
		};
		E94E972F2815ACD200F9C310 /* Build configuration list for PBXNativeTarget "Braumeister" */ = {
			isa = XCConfigurationList;
			buildConfigurations = (
				E94E97302815ACD200F9C310 /* Debug */,
				E94E97312815ACD200F9C310 /* Release */,
			);
			defaultConfigurationIsVisible = 0;
			defaultConfigurationName = Release;
		};
/* End XCConfigurationList section */

/* Begin XCRemoteSwiftPackageReference section */
		E94E97662815AD9100F9C310 /* XCRemoteSwiftPackageReference "fluent" */ = {
			isa = XCRemoteSwiftPackageReference;
			repositoryURL = "https://github.com/vapor/fluent.git";
			requirement = {
				kind = upToNextMajorVersion;
				minimumVersion = 4.0.0;
			};
		};
		E94E97692815ADA600F9C310 /* XCRemoteSwiftPackageReference "fluent-sqlite-driver" */ = {
			isa = XCRemoteSwiftPackageReference;
			repositoryURL = "https://github.com/vapor/fluent-sqlite-driver.git";
			requirement = {
				kind = upToNextMajorVersion;
				minimumVersion = 4.0.0;
			};
		};
		E94E97792817078300F9C310 /* XCRemoteSwiftPackageReference "pure-swift-ui" */ = {
			isa = XCRemoteSwiftPackageReference;
			repositoryURL = "https://github.com/CodeSlicing/pure-swift-ui";
			requirement = {
				kind = upToNextMajorVersion;
				minimumVersion = 3.0.0;
			};
		};
/* End XCRemoteSwiftPackageReference section */

/* Begin XCSwiftPackageProductDependency section */
		E94E97672815AD9100F9C310 /* Fluent */ = {
			isa = XCSwiftPackageProductDependency;
			package = E94E97662815AD9100F9C310 /* XCRemoteSwiftPackageReference "fluent" */;
			productName = Fluent;
		};
		E94E976A2815ADA600F9C310 /* FluentSQLiteDriver */ = {
			isa = XCSwiftPackageProductDependency;
			package = E94E97692815ADA600F9C310 /* XCRemoteSwiftPackageReference "fluent-sqlite-driver" */;
			productName = FluentSQLiteDriver;
		};
		E94E977A2817078300F9C310 /* PureSwiftUI */ = {
			isa = XCSwiftPackageProductDependency;
			package = E94E97792817078300F9C310 /* XCRemoteSwiftPackageReference "pure-swift-ui" */;
			productName = PureSwiftUI;
		};
/* End XCSwiftPackageProductDependency section */
	};
	rootObject = E94E97182815ACD100F9C310 /* Project object */;
}
