// !$*UTF8*$!
{
	archiveVersion = 1;
	classes = {
	};
	objectVersion = 55;
	objects = {

/* Begin PBXBuildFile section */
		E9D60A8B2807DCD400680815 /* Assets.xcassets in Resources */ = {isa = PBXBuildFile; fileRef = E9D60A8A2807DCD400680815 /* Assets.xcassets */; };
		E9D60A8E2807DCD400680815 /* Preview Assets.xcassets in Resources */ = {isa = PBXBuildFile; fileRef = E9D60A8D2807DCD400680815 /* Preview Assets.xcassets */; };
		E9D60A9A2807DE0500680815 /* BraumeisterApp.swift in Sources */ = {isa = PBXBuildFile; fileRef = E9D60A972807DE0500680815 /* BraumeisterApp.swift */; };
		E9D60A9B2807DE0500680815 /* ContentView.swift in Sources */ = {isa = PBXBuildFile; fileRef = E9D60A992807DE0500680815 /* ContentView.swift */; };
		E9D60A9F2808AF1A00680815 /* MenuView.swift in Sources */ = {isa = PBXBuildFile; fileRef = E9D60A9E2808AF1A00680815 /* MenuView.swift */; };
		E9D60AA12808AF2D00680815 /* SplashView.swift in Sources */ = {isa = PBXBuildFile; fileRef = E9D60AA02808AF2D00680815 /* SplashView.swift */; };
		E9D60AA42808B54500680815 /* AlcoholCalculatorView.swift in Sources */ = {isa = PBXBuildFile; fileRef = E9D60AA32808B54500680815 /* AlcoholCalculatorView.swift */; };
		E9D60AA728094BD800680815 /* Gravity.swift in Sources */ = {isa = PBXBuildFile; fileRef = E9D60AA628094BD800680815 /* Gravity.swift */; };
		E9D60AAA2809952400680815 /* UIFont+fromFont.swift in Sources */ = {isa = PBXBuildFile; fileRef = E9D60AA92809952400680815 /* UIFont+fromFont.swift */; };
		E9D60AAC280995E500680815 /* String+width.swift in Sources */ = {isa = PBXBuildFile; fileRef = E9D60AAB280995E500680815 /* String+width.swift */; };
		E9D60AB2280A181B00680815 /* BrewhouseYieldCalculatorView.swift in Sources */ = {isa = PBXBuildFile; fileRef = E9D60AB1280A181B00680815 /* BrewhouseYieldCalculatorView.swift */; };
		E9D60AB4280A257F00680815 /* OriginalWortCalculatorView.swift in Sources */ = {isa = PBXBuildFile; fileRef = E9D60AB3280A257F00680815 /* OriginalWortCalculatorView.swift */; };
		E9D60AB9280A36E300680815 /* DilutionCalculatorView.swift in Sources */ = {isa = PBXBuildFile; fileRef = E9D60AB8280A36E300680815 /* DilutionCalculatorView.swift */; };
/* End PBXBuildFile section */

/* Begin PBXFileReference section */
		E9D60A832807DCD300680815 /* Braumeister.app */ = {isa = PBXFileReference; explicitFileType = wrapper.application; includeInIndex = 0; path = Braumeister.app; sourceTree = BUILT_PRODUCTS_DIR; };
		E9D60A8A2807DCD400680815 /* Assets.xcassets */ = {isa = PBXFileReference; lastKnownFileType = folder.assetcatalog; path = Assets.xcassets; sourceTree = "<group>"; };
		E9D60A8D2807DCD400680815 /* Preview Assets.xcassets */ = {isa = PBXFileReference; lastKnownFileType = folder.assetcatalog; path = "Preview Assets.xcassets"; sourceTree = "<group>"; };
		E9D60A942807DCE600680815 /* Braumeister.entitlements */ = {isa = PBXFileReference; lastKnownFileType = text.plist.entitlements; path = Braumeister.entitlements; sourceTree = "<group>"; };
		E9D60A972807DE0500680815 /* BraumeisterApp.swift */ = {isa = PBXFileReference; fileEncoding = 4; lastKnownFileType = sourcecode.swift; path = BraumeisterApp.swift; sourceTree = "<group>"; };
		E9D60A992807DE0500680815 /* ContentView.swift */ = {isa = PBXFileReference; fileEncoding = 4; lastKnownFileType = sourcecode.swift; path = ContentView.swift; sourceTree = "<group>"; };
		E9D60A9E2808AF1A00680815 /* MenuView.swift */ = {isa = PBXFileReference; lastKnownFileType = sourcecode.swift; path = MenuView.swift; sourceTree = "<group>"; };
		E9D60AA02808AF2D00680815 /* SplashView.swift */ = {isa = PBXFileReference; lastKnownFileType = sourcecode.swift; path = SplashView.swift; sourceTree = "<group>"; };
		E9D60AA32808B54500680815 /* AlcoholCalculatorView.swift */ = {isa = PBXFileReference; lastKnownFileType = sourcecode.swift; path = AlcoholCalculatorView.swift; sourceTree = "<group>"; };
		E9D60AA628094BD800680815 /* Gravity.swift */ = {isa = PBXFileReference; lastKnownFileType = sourcecode.swift; path = Gravity.swift; sourceTree = "<group>"; };
		E9D60AA92809952400680815 /* UIFont+fromFont.swift */ = {isa = PBXFileReference; lastKnownFileType = sourcecode.swift; path = "UIFont+fromFont.swift"; sourceTree = "<group>"; };
		E9D60AAB280995E500680815 /* String+width.swift */ = {isa = PBXFileReference; lastKnownFileType = sourcecode.swift; path = "String+width.swift"; sourceTree = "<group>"; };
		E9D60AAF280A14CF00680815 /* LICENSE.md */ = {isa = PBXFileReference; lastKnownFileType = net.daringfireball.markdown; path = LICENSE.md; sourceTree = "<group>"; };
		E9D60AB0280A14EB00680815 /* README.md */ = {isa = PBXFileReference; lastKnownFileType = net.daringfireball.markdown; path = README.md; sourceTree = "<group>"; };
		E9D60AB1280A181B00680815 /* BrewhouseYieldCalculatorView.swift */ = {isa = PBXFileReference; lastKnownFileType = sourcecode.swift; path = BrewhouseYieldCalculatorView.swift; sourceTree = "<group>"; };
		E9D60AB3280A257F00680815 /* OriginalWortCalculatorView.swift */ = {isa = PBXFileReference; lastKnownFileType = sourcecode.swift; path = OriginalWortCalculatorView.swift; sourceTree = "<group>"; };
		E9D60AB8280A36E300680815 /* DilutionCalculatorView.swift */ = {isa = PBXFileReference; lastKnownFileType = sourcecode.swift; path = DilutionCalculatorView.swift; sourceTree = "<group>"; };
/* End PBXFileReference section */

/* Begin PBXFrameworksBuildPhase section */
		E9D60A802807DCD300680815 /* Frameworks */ = {
			isa = PBXFrameworksBuildPhase;
			buildActionMask = 2147483647;
			files = (
			);
			runOnlyForDeploymentPostprocessing = 0;
		};
/* End PBXFrameworksBuildPhase section */

/* Begin PBXGroup section */
		E9D60A7A2807DCD300680815 = {
			isa = PBXGroup;
			children = (
				E9D60AB0280A14EB00680815 /* README.md */,
				E9D60AAF280A14CF00680815 /* LICENSE.md */,
				E9D60A852807DCD300680815 /* Braumeister */,
				E9D60A842807DCD300680815 /* Products */,
			);
			sourceTree = "<group>";
		};
		E9D60A842807DCD300680815 /* Products */ = {
			isa = PBXGroup;
			children = (
				E9D60A832807DCD300680815 /* Braumeister.app */,
			);
			name = Products;
			sourceTree = "<group>";
		};
		E9D60A852807DCD300680815 /* Braumeister */ = {
			isa = PBXGroup;
			children = (
				E9D60A952807DE0500680815 /* Sources */,
				E9D60A942807DCE600680815 /* Braumeister.entitlements */,
				E9D60A8A2807DCD400680815 /* Assets.xcassets */,
				E9D60A8C2807DCD400680815 /* Preview Content */,
			);
			path = Braumeister;
			sourceTree = "<group>";
		};
		E9D60A8C2807DCD400680815 /* Preview Content */ = {
			isa = PBXGroup;
			children = (
				E9D60A8D2807DCD400680815 /* Preview Assets.xcassets */,
			);
			path = "Preview Content";
			sourceTree = "<group>";
		};
		E9D60A952807DE0500680815 /* Sources */ = {
			isa = PBXGroup;
			children = (
				E9D60A962807DE0500680815 /* Application */,
				E9D60AA82809950200680815 /* Extensions */,
				E9D60AA528094B6800680815 /* Model */,
				E9D60A982807DE0500680815 /* Views */,
			);
			path = Sources;
			sourceTree = "<group>";
		};
		E9D60A962807DE0500680815 /* Application */ = {
			isa = PBXGroup;
			children = (
				E9D60A972807DE0500680815 /* BraumeisterApp.swift */,
			);
			path = Application;
			sourceTree = "<group>";
		};
		E9D60A982807DE0500680815 /* Views */ = {
			isa = PBXGroup;
			children = (
				E9D60AA22808B48A00680815 /* CalculationViews */,
				E9D60A992807DE0500680815 /* ContentView.swift */,
				E9D60A9E2808AF1A00680815 /* MenuView.swift */,
				E9D60AA02808AF2D00680815 /* SplashView.swift */,
			);
			path = Views;
			sourceTree = "<group>";
		};
		E9D60AA22808B48A00680815 /* CalculationViews */ = {
			isa = PBXGroup;
			children = (
				E9D60AA32808B54500680815 /* AlcoholCalculatorView.swift */,
				E9D60AB1280A181B00680815 /* BrewhouseYieldCalculatorView.swift */,
				E9D60AB8280A36E300680815 /* DilutionCalculatorView.swift */,
				E9D60AB3280A257F00680815 /* OriginalWortCalculatorView.swift */,
			);
			path = CalculationViews;
			sourceTree = "<group>";
		};
		E9D60AA528094B6800680815 /* Model */ = {
			isa = PBXGroup;
			children = (
				E9D60AA628094BD800680815 /* Gravity.swift */,
			);
			path = Model;
			sourceTree = "<group>";
		};
		E9D60AA82809950200680815 /* Extensions */ = {
			isa = PBXGroup;
			children = (
				E9D60AAB280995E500680815 /* String+width.swift */,
				E9D60AA92809952400680815 /* UIFont+fromFont.swift */,
			);
			path = Extensions;
			sourceTree = "<group>";
		};
/* End PBXGroup section */

/* Begin PBXNativeTarget section */
		E9D60A822807DCD300680815 /* Braumeister */ = {
			isa = PBXNativeTarget;
			buildConfigurationList = E9D60A912807DCD400680815 /* Build configuration list for PBXNativeTarget "Braumeister" */;
			buildPhases = (
				E9D60A7F2807DCD300680815 /* Sources */,
				E9D60A802807DCD300680815 /* Frameworks */,
				E9D60A812807DCD300680815 /* Resources */,
			);
			buildRules = (
			);
			dependencies = (
			);
			name = Braumeister;
			productName = Braumeister;
			productReference = E9D60A832807DCD300680815 /* Braumeister.app */;
			productType = "com.apple.product-type.application";
		};
/* End PBXNativeTarget section */

/* Begin PBXProject section */
		E9D60A7B2807DCD300680815 /* Project object */ = {
			isa = PBXProject;
			attributes = {
				BuildIndependentTargetsInParallel = 1;
				LastSwiftUpdateCheck = 1330;
				LastUpgradeCheck = 1330;
				TargetAttributes = {
					E9D60A822807DCD300680815 = {
						CreatedOnToolsVersion = 13.3;
					};
				};
			};
			buildConfigurationList = E9D60A7E2807DCD300680815 /* Build configuration list for PBXProject "Braumeister" */;
			compatibilityVersion = "Xcode 13.0";
			developmentRegion = de;
			hasScannedForEncodings = 0;
			knownRegions = (
				de,
			);
			mainGroup = E9D60A7A2807DCD300680815;
			productRefGroup = E9D60A842807DCD300680815 /* Products */;
			projectDirPath = "";
			projectRoot = "";
			targets = (
				E9D60A822807DCD300680815 /* Braumeister */,
			);
		};
/* End PBXProject section */

/* Begin PBXResourcesBuildPhase section */
		E9D60A812807DCD300680815 /* Resources */ = {
			isa = PBXResourcesBuildPhase;
			buildActionMask = 2147483647;
			files = (
				E9D60A8E2807DCD400680815 /* Preview Assets.xcassets in Resources */,
				E9D60A8B2807DCD400680815 /* Assets.xcassets in Resources */,
			);
			runOnlyForDeploymentPostprocessing = 0;
		};
/* End PBXResourcesBuildPhase section */

/* Begin PBXSourcesBuildPhase section */
		E9D60A7F2807DCD300680815 /* Sources */ = {
			isa = PBXSourcesBuildPhase;
			buildActionMask = 2147483647;
			files = (
				E9D60A9B2807DE0500680815 /* ContentView.swift in Sources */,
				E9D60AB2280A181B00680815 /* BrewhouseYieldCalculatorView.swift in Sources */,
				E9D60AA42808B54500680815 /* AlcoholCalculatorView.swift in Sources */,
				E9D60AA12808AF2D00680815 /* SplashView.swift in Sources */,
				E9D60AB4280A257F00680815 /* OriginalWortCalculatorView.swift in Sources */,
				E9D60A9F2808AF1A00680815 /* MenuView.swift in Sources */,
				E9D60AA728094BD800680815 /* Gravity.swift in Sources */,
				E9D60A9A2807DE0500680815 /* BraumeisterApp.swift in Sources */,
				E9D60AB9280A36E300680815 /* DilutionCalculatorView.swift in Sources */,
				E9D60AAA2809952400680815 /* UIFont+fromFont.swift in Sources */,
				E9D60AAC280995E500680815 /* String+width.swift in Sources */,
			);
			runOnlyForDeploymentPostprocessing = 0;
		};
/* End PBXSourcesBuildPhase section */

/* Begin XCBuildConfiguration section */
		E9D60A8F2807DCD400680815 /* Debug */ = {
			isa = XCBuildConfiguration;
			buildSettings = {
				ALWAYS_SEARCH_USER_PATHS = NO;
				CLANG_ANALYZER_NONNULL = YES;
				CLANG_ANALYZER_NUMBER_OBJECT_CONVERSION = YES_AGGRESSIVE;
				CLANG_CXX_LANGUAGE_STANDARD = "gnu++17";
				CLANG_ENABLE_MODULES = YES;
				CLANG_ENABLE_OBJC_ARC = YES;
				CLANG_ENABLE_OBJC_WEAK = YES;
				CLANG_WARN_BLOCK_CAPTURE_AUTORELEASING = YES;
				CLANG_WARN_BOOL_CONVERSION = YES;
				CLANG_WARN_COMMA = YES;
				CLANG_WARN_CONSTANT_CONVERSION = YES;
				CLANG_WARN_DEPRECATED_OBJC_IMPLEMENTATIONS = YES;
				CLANG_WARN_DIRECT_OBJC_ISA_USAGE = YES_ERROR;
				CLANG_WARN_DOCUMENTATION_COMMENTS = YES;
				CLANG_WARN_EMPTY_BODY = YES;
				CLANG_WARN_ENUM_CONVERSION = YES;
				CLANG_WARN_INFINITE_RECURSION = YES;
				CLANG_WARN_INT_CONVERSION = YES;
				CLANG_WARN_NON_LITERAL_NULL_CONVERSION = YES;
				CLANG_WARN_OBJC_IMPLICIT_RETAIN_SELF = YES;
				CLANG_WARN_OBJC_LITERAL_CONVERSION = YES;
				CLANG_WARN_OBJC_ROOT_CLASS = YES_ERROR;
				CLANG_WARN_QUOTED_INCLUDE_IN_FRAMEWORK_HEADER = YES;
				CLANG_WARN_RANGE_LOOP_ANALYSIS = YES;
				CLANG_WARN_STRICT_PROTOTYPES = YES;
				CLANG_WARN_SUSPICIOUS_MOVE = YES;
				CLANG_WARN_UNGUARDED_AVAILABILITY = YES_AGGRESSIVE;
				CLANG_WARN_UNREACHABLE_CODE = YES;
				CLANG_WARN__DUPLICATE_METHOD_MATCH = YES;
				COPY_PHASE_STRIP = NO;
				DEBUG_INFORMATION_FORMAT = dwarf;
				ENABLE_STRICT_OBJC_MSGSEND = YES;
				ENABLE_TESTABILITY = YES;
				GCC_C_LANGUAGE_STANDARD = gnu11;
				GCC_DYNAMIC_NO_PIC = NO;
				GCC_NO_COMMON_BLOCKS = YES;
				GCC_OPTIMIZATION_LEVEL = 0;
				GCC_PREPROCESSOR_DEFINITIONS = (
					"DEBUG=1",
					"$(inherited)",
				);
				GCC_WARN_64_TO_32_BIT_CONVERSION = YES;
				GCC_WARN_ABOUT_RETURN_TYPE = YES_ERROR;
				GCC_WARN_UNDECLARED_SELECTOR = YES;
				GCC_WARN_UNINITIALIZED_AUTOS = YES_AGGRESSIVE;
				GCC_WARN_UNUSED_FUNCTION = YES;
				GCC_WARN_UNUSED_VARIABLE = YES;
				IPHONEOS_DEPLOYMENT_TARGET = 15.4;
				MTL_ENABLE_DEBUG_INFO = INCLUDE_SOURCE;
				MTL_FAST_MATH = YES;
				ONLY_ACTIVE_ARCH = YES;
				SDKROOT = iphoneos;
				SWIFT_ACTIVE_COMPILATION_CONDITIONS = DEBUG;
				SWIFT_OPTIMIZATION_LEVEL = "-Onone";
			};
			name = Debug;
		};
		E9D60A902807DCD400680815 /* Release */ = {
			isa = XCBuildConfiguration;
			buildSettings = {
				ALWAYS_SEARCH_USER_PATHS = NO;
				CLANG_ANALYZER_NONNULL = YES;
				CLANG_ANALYZER_NUMBER_OBJECT_CONVERSION = YES_AGGRESSIVE;
				CLANG_CXX_LANGUAGE_STANDARD = "gnu++17";
				CLANG_ENABLE_MODULES = YES;
				CLANG_ENABLE_OBJC_ARC = YES;
				CLANG_ENABLE_OBJC_WEAK = YES;
				CLANG_WARN_BLOCK_CAPTURE_AUTORELEASING = YES;
				CLANG_WARN_BOOL_CONVERSION = YES;
				CLANG_WARN_COMMA = YES;
				CLANG_WARN_CONSTANT_CONVERSION = YES;
				CLANG_WARN_DEPRECATED_OBJC_IMPLEMENTATIONS = YES;
				CLANG_WARN_DIRECT_OBJC_ISA_USAGE = YES_ERROR;
				CLANG_WARN_DOCUMENTATION_COMMENTS = YES;
				CLANG_WARN_EMPTY_BODY = YES;
				CLANG_WARN_ENUM_CONVERSION = YES;
				CLANG_WARN_INFINITE_RECURSION = YES;
				CLANG_WARN_INT_CONVERSION = YES;
				CLANG_WARN_NON_LITERAL_NULL_CONVERSION = YES;
				CLANG_WARN_OBJC_IMPLICIT_RETAIN_SELF = YES;
				CLANG_WARN_OBJC_LITERAL_CONVERSION = YES;
				CLANG_WARN_OBJC_ROOT_CLASS = YES_ERROR;
				CLANG_WARN_QUOTED_INCLUDE_IN_FRAMEWORK_HEADER = YES;
				CLANG_WARN_RANGE_LOOP_ANALYSIS = YES;
				CLANG_WARN_STRICT_PROTOTYPES = YES;
				CLANG_WARN_SUSPICIOUS_MOVE = YES;
				CLANG_WARN_UNGUARDED_AVAILABILITY = YES_AGGRESSIVE;
				CLANG_WARN_UNREACHABLE_CODE = YES;
				CLANG_WARN__DUPLICATE_METHOD_MATCH = YES;
				COPY_PHASE_STRIP = NO;
				DEBUG_INFORMATION_FORMAT = "dwarf-with-dsym";
				ENABLE_NS_ASSERTIONS = NO;
				ENABLE_STRICT_OBJC_MSGSEND = YES;
				GCC_C_LANGUAGE_STANDARD = gnu11;
				GCC_NO_COMMON_BLOCKS = YES;
				GCC_WARN_64_TO_32_BIT_CONVERSION = YES;
				GCC_WARN_ABOUT_RETURN_TYPE = YES_ERROR;
				GCC_WARN_UNDECLARED_SELECTOR = YES;
				GCC_WARN_UNINITIALIZED_AUTOS = YES_AGGRESSIVE;
				GCC_WARN_UNUSED_FUNCTION = YES;
				GCC_WARN_UNUSED_VARIABLE = YES;
				IPHONEOS_DEPLOYMENT_TARGET = 15.4;
				MTL_ENABLE_DEBUG_INFO = NO;
				MTL_FAST_MATH = YES;
				SDKROOT = iphoneos;
				SWIFT_COMPILATION_MODE = wholemodule;
				SWIFT_OPTIMIZATION_LEVEL = "-O";
				VALIDATE_PRODUCT = YES;
			};
			name = Release;
		};
		E9D60A922807DCD400680815 /* Debug */ = {
			isa = XCBuildConfiguration;
			buildSettings = {
				ASSETCATALOG_COMPILER_APPICON_NAME = AppIcon;
				ASSETCATALOG_COMPILER_GLOBAL_ACCENT_COLOR_NAME = AccentColor;
				CODE_SIGN_ENTITLEMENTS = Braumeister/Braumeister.entitlements;
				CODE_SIGN_STYLE = Automatic;
				CURRENT_PROJECT_VERSION = 8;
				DEVELOPMENT_ASSET_PATHS = "\"Braumeister/Preview Content\"";
				DEVELOPMENT_TEAM = GQE994U6EG;
				ENABLE_PREVIEWS = YES;
				GENERATE_INFOPLIST_FILE = YES;
				INFOPLIST_KEY_LSApplicationCategoryType = "public.app-category.food-and-drink";
				INFOPLIST_KEY_UIApplicationSceneManifest_Generation = YES;
				INFOPLIST_KEY_UIApplicationSupportsIndirectInputEvents = YES;
				INFOPLIST_KEY_UILaunchScreen_Generation = YES;
				INFOPLIST_KEY_UISupportedInterfaceOrientations_iPad = "UIInterfaceOrientationPortrait UIInterfaceOrientationPortraitUpsideDown UIInterfaceOrientationLandscapeLeft UIInterfaceOrientationLandscapeRight";
				INFOPLIST_KEY_UISupportedInterfaceOrientations_iPhone = "UIInterfaceOrientationPortrait UIInterfaceOrientationLandscapeLeft UIInterfaceOrientationLandscapeRight";
				LD_RUNPATH_SEARCH_PATHS = (
					"$(inherited)",
					"@executable_path/Frameworks",
				);
				MARKETING_VERSION = 1;
				PRODUCT_BUNDLE_IDENTIFIER = com.github.BeerRecipeFormats.Braumeister;
				PRODUCT_NAME = "$(TARGET_NAME)";
				SUPPORTS_MACCATALYST = YES;
				SWIFT_EMIT_LOC_STRINGS = YES;
				SWIFT_VERSION = 5.0;
				TARGETED_DEVICE_FAMILY = "1,2,6";
			};
			name = Debug;
		};
		E9D60A932807DCD400680815 /* Release */ = {
			isa = XCBuildConfiguration;
			buildSettings = {
				ASSETCATALOG_COMPILER_APPICON_NAME = AppIcon;
				ASSETCATALOG_COMPILER_GLOBAL_ACCENT_COLOR_NAME = AccentColor;
				CODE_SIGN_ENTITLEMENTS = Braumeister/Braumeister.entitlements;
				CODE_SIGN_STYLE = Automatic;
				CURRENT_PROJECT_VERSION = 8;
				DEVELOPMENT_ASSET_PATHS = "\"Braumeister/Preview Content\"";
				DEVELOPMENT_TEAM = GQE994U6EG;
				ENABLE_PREVIEWS = YES;
				GENERATE_INFOPLIST_FILE = YES;
				INFOPLIST_KEY_LSApplicationCategoryType = "public.app-category.food-and-drink";
				INFOPLIST_KEY_UIApplicationSceneManifest_Generation = YES;
				INFOPLIST_KEY_UIApplicationSupportsIndirectInputEvents = YES;
				INFOPLIST_KEY_UILaunchScreen_Generation = YES;
				INFOPLIST_KEY_UISupportedInterfaceOrientations_iPad = "UIInterfaceOrientationPortrait UIInterfaceOrientationPortraitUpsideDown UIInterfaceOrientationLandscapeLeft UIInterfaceOrientationLandscapeRight";
				INFOPLIST_KEY_UISupportedInterfaceOrientations_iPhone = "UIInterfaceOrientationPortrait UIInterfaceOrientationLandscapeLeft UIInterfaceOrientationLandscapeRight";
				LD_RUNPATH_SEARCH_PATHS = (
					"$(inherited)",
					"@executable_path/Frameworks",
				);
				MARKETING_VERSION = 1;
				PRODUCT_BUNDLE_IDENTIFIER = com.github.BeerRecipeFormats.Braumeister;
				PRODUCT_NAME = "$(TARGET_NAME)";
				SUPPORTS_MACCATALYST = YES;
				SWIFT_EMIT_LOC_STRINGS = YES;
				SWIFT_VERSION = 5.0;
				TARGETED_DEVICE_FAMILY = "1,2,6";
			};
			name = Release;
		};
/* End XCBuildConfiguration section */

/* Begin XCConfigurationList section */
		E9D60A7E2807DCD300680815 /* Build configuration list for PBXProject "Braumeister" */ = {
			isa = XCConfigurationList;
			buildConfigurations = (
				E9D60A8F2807DCD400680815 /* Debug */,
				E9D60A902807DCD400680815 /* Release */,
			);
			defaultConfigurationIsVisible = 0;
			defaultConfigurationName = Release;
		};
		E9D60A912807DCD400680815 /* Build configuration list for PBXNativeTarget "Braumeister" */ = {
			isa = XCConfigurationList;
			buildConfigurations = (
				E9D60A922807DCD400680815 /* Debug */,
				E9D60A932807DCD400680815 /* Release */,
			);
			defaultConfigurationIsVisible = 0;
			defaultConfigurationName = Release;
		};
/* End XCConfigurationList section */
	};
	rootObject = E9D60A7B2807DCD300680815 /* Project object */;
}
